
Microsoft Visual Studio Solution File, Format Version 12.00
# Visual Studio Version 17
VisualStudioVersion = 17.4.33213.308
MinimumVisualStudioVersion = 10.0.40219.1
Project("{FAE04EC0-301F-11D3-BF4B-00C04F79EFBC}") = "FizzBuzz App2", "FizzBuzz App2\FizzBuzz App2.csproj", "{9D905F19-B14A-4C4E-8016-64290EF439BC}"
EndProject
Global
	GlobalSection(SolutionConfigurationPlatforms) = preSolution
		Debug|Any CPU = Debug|Any CPU
		Release|Any CPU = Release|Any CPU
	EndGlobalSection
	GlobalSection(ProjectConfigurationPlatforms) = postSolution
		{9D905F19-B14A-4C4E-8016-64290EF439BC}.Debug|Any CPU.ActiveCfg = Debug|Any CPU
		{9D905F19-B14A-4C4E-8016-64290EF439BC}.Debug|Any CPU.Build.0 = Debug|Any CPU
		{9D905F19-B14A-4C4E-8016-64290EF439BC}.Release|Any CPU.ActiveCfg = Release|Any CPU
		{9D905F19-B14A-4C4E-8016-64290EF439BC}.Release|Any CPU.Build.0 = Release|Any CPU
	EndGlobalSection
	GlobalSection(SolutionProperties) = preSolution
		HideSolutionNode = FALSE
	EndGlobalSection
	GlobalSection(ExtensibilityGlobals) = postSolution
		SolutionGuid = {A5FB95B6-5DF3-4970-A525-1F97565E0592}
	EndGlobalSection
EndGlobal
